Microsoft Visual Studio Solution File, Format Version 12.00
# Visual Studio Version 17
VisualStudioVersion = 17.7.34031.279
MinimumVisualStudioVersion = 10.0.40219.1
Project("{9A19103F-16F7-4668-BE54-9A1E7A4F7556}") = "EditorPCBasket", "EditorPCBasket\EditorPCBasket.csproj", "{964DD713-4F59-43D5-B920-9497F5BA2B9D}"
EndProject
Project("{9A19103F-16F7-4668-BE54-9A1E7A4F7556}") = "EpcbUtils", "EpcbUtils\EpcbUtils.csproj", "{260EFB06-50BF-4EAC-84BF-5384EC459EAB}"
EndProject
Project("{9A19103F-16F7-4668-BE54-9A1E7A4F7556}") = "EpcbModel", "EpcbModel\EpcbModel.csproj", "{D3FBB388-F190-4482-B883-477DF75ACEEC}"
EndProject
Project("{9A19103F-16F7-4668-BE54-9A1E7A4F7556}") = "EpcbCommon", "EpcbCommon\EpcbCommon.csproj", "{E038C63C-7FFB-4BBE-BB5F-CDDD8BFB2F48}"
EndProject
Project("{9A19103F-16F7-4668-BE54-9A1E7A4F7556}") = "EpcbDatabaseServiceEntityFramework", "EpcbDatabaseServiceEntityFramework\EpcbDatabaseServiceEntityFramework.csproj", "{18B36701-AB52-4DED-9580-B700E3C313BA}"
EndProject
Project("{FAE04EC0-301F-11D3-BF4B-00C04F79EFBC}") = "EpcbDatabaseServiceSqlite", "EpcbDatabaseServiceSqlite\EpcbDatabaseServiceSqlite.csproj", "{A9A0656E-24A0-434B-871B-7C30A4CD79C1}"
EndProject
Global
	GlobalSection(SolutionConfigurationPlatforms) = preSolution
		Debug|Any CPU = Debug|Any CPU
		Release|Any CPU = Release|Any CPU
	EndGlobalSection
	GlobalSection(ProjectConfigurationPlatforms) = postSolution
		{964DD713-4F59-43D5-B920-9497F5BA2B9D}.Debug|Any CPU.ActiveCfg = Debug|Any CPU
		{964DD713-4F59-43D5-B920-9497F5BA2B9D}.Debug|Any CPU.Build.0 = Debug|Any CPU
		{964DD713-4F59-43D5-B920-9497F5BA2B9D}.Release|Any CPU.ActiveCfg = Release|Any CPU
		{964DD713-4F59-43D5-B920-9497F5BA2B9D}.Release|Any CPU.Build.0 = Release|Any CPU
		{260EFB06-50BF-4EAC-84BF-5384EC459EAB}.Debug|Any CPU.ActiveCfg = Debug|Any CPU
		{260EFB06-50BF-4EAC-84BF-5384EC459EAB}.Debug|Any CPU.Build.0 = Debug|Any CPU
		{260EFB06-50BF-4EAC-84BF-5384EC459EAB}.Release|Any CPU.ActiveCfg = Release|Any CPU
		{260EFB06-50BF-4EAC-84BF-5384EC459EAB}.Release|Any CPU.Build.0 = Release|Any CPU
		{D3FBB388-F190-4482-B883-477DF75ACEEC}.Debug|Any CPU.ActiveCfg = Debug|Any CPU
		{D3FBB388-F190-4482-B883-477DF75ACEEC}.Debug|Any CPU.Build.0 = Debug|Any CPU
		{D3FBB388-F190-4482-B883-477DF75ACEEC}.Release|Any CPU.ActiveCfg = Release|Any CPU
		{D3FBB388-F190-4482-B883-477DF75ACEEC}.Release|Any CPU.Build.0 = Release|Any CPU
		{E038C63C-7FFB-4BBE-BB5F-CDDD8BFB2F48}.Debug|Any CPU.ActiveCfg = Debug|Any CPU
		{E038C63C-7FFB-4BBE-BB5F-CDDD8BFB2F48}.Debug|Any CPU.Build.0 = Debug|Any CPU
		{E038C63C-7FFB-4BBE-BB5F-CDDD8BFB2F48}.Release|Any CPU.ActiveCfg = Release|Any CPU
		{E038C63C-7FFB-4BBE-BB5F-CDDD8BFB2F48}.Release|Any CPU.Build.0 = Release|Any CPU
		{18B36701-AB52-4DED-9580-B700E3C313BA}.Debug|Any CPU.ActiveCfg = Debug|Any CPU
		{18B36701-AB52-4DED-9580-B700E3C313BA}.Debug|Any CPU.Build.0 = Debug|Any CPU
		{18B36701-AB52-4DED-9580-B700E3C313BA}.Release|Any CPU.ActiveCfg = Release|Any CPU
		{18B36701-AB52-4DED-9580-B700E3C313BA}.Release|Any CPU.Build.0 = Release|Any CPU
		{A9A0656E-24A0-434B-871B-7C30A4CD79C1}.Debug|Any CPU.ActiveCfg = Debug|Any CPU
		{A9A0656E-24A0-434B-871B-7C30A4CD79C1}.Debug|Any CPU.Build.0 = Debug|Any CPU
		{A9A0656E-24A0-434B-871B-7C30A4CD79C1}.Release|Any CPU.ActiveCfg = Release|Any CPU
		{A9A0656E-24A0-434B-871B-7C30A4CD79C1}.Release|Any CPU.Build.0 = Release|Any CPU
	EndGlobalSection
	GlobalSection(SolutionProperties) = preSolution
		HideSolutionNode = FALSE
	EndGlobalSection
	GlobalSection(ExtensibilityGlobals) = postSolution
		SolutionGuid = {4A7E9C75-F912-4C3D-9116-E8C5B14201E7}
	EndGlobalSection
EndGlobal
